
Microsoft Visual Studio Solution File, Format Version 12.00
# Visual Studio Version 17
VisualStudioVersion = 17.5.002.0
MinimumVisualStudioVersion = 10.0.40219.1
Project("{9A19103F-16F7-4668-BE54-9A1E7A4F7556}") = "mvc1", "mvc1.csproj", "{47785CDD-5026-408A-8E1D-47B8EDFE8941}"
EndProject
Global
	GlobalSection(SolutionConfigurationPlatforms) = preSolution
		Debug|Any CPU = Debug|Any CPU
		Release|Any CPU = Release|Any CPU
	EndGlobalSection
	GlobalSection(ProjectConfigurationPlatforms) = postSolution
		{47785CDD-5026-408A-8E1D-47B8EDFE8941}.Debug|Any CPU.ActiveCfg = Debug|Any CPU
		{47785CDD-5026-408A-8E1D-47B8EDFE8941}.Debug|Any CPU.Build.0 = Debug|Any CPU
		{47785CDD-5026-408A-8E1D-47B8EDFE8941}.Release|Any CPU.ActiveCfg = Release|Any CPU
		{47785CDD-5026-408A-8E1D-47B8EDFE8941}.Release|Any CPU.Build.0 = Release|Any CPU
	EndGlobalSection
	GlobalSection(SolutionProperties) = preSolution
		HideSolutionNode = FALSE
	EndGlobalSection
	GlobalSection(ExtensibilityGlobals) = postSolution
		SolutionGuid = {00FA317C-A18A-41B2-9AE1-918FE2FA5090}
	EndGlobalSection
EndGlobal
